
Microsoft Visual Studio Solution File, Format Version 12.00
# Visual Studio Version 17
VisualStudioVersion = 17.14.36408.4 d17.14
MinimumVisualStudioVersion = 10.0.40219.1
Project("{FAE04EC0-301F-11D3-BF4B-00C04F79EFBC}") = "CiteCheck", "CiteCheck\CiteCheck.csproj", "{D979B008-0B3A-4E22-A24B-2AC78BE4615A}"
EndProject
Global
	GlobalSection(SolutionConfigurationPlatforms) = preSolution
		Debug|Any CPU = Debug|Any CPU
		Release|Any CPU = Release|Any CPU
	EndGlobalSection
	GlobalSection(ProjectConfigurationPlatforms) = postSolution
		{D979B008-0B3A-4E22-A24B-2AC78BE4615A}.Debug|Any CPU.ActiveCfg = Debug|Any CPU
		{D979B008-0B3A-4E22-A24B-2AC78BE4615A}.Debug|Any CPU.Build.0 = Debug|Any CPU
		{D979B008-0B3A-4E22-A24B-2AC78BE4615A}.Release|Any CPU.ActiveCfg = Release|Any CPU
		{D979B008-0B3A-4E22-A24B-2AC78BE4615A}.Release|Any CPU.Build.0 = Release|Any CPU
	EndGlobalSection
	GlobalSection(SolutionProperties) = preSolution
		HideSolutionNode = FALSE
	EndGlobalSection
	GlobalSection(ExtensibilityGlobals) = postSolution
		SolutionGuid = {1080928C-C27C-433E-A0A1-46CB51DC2BA2}
	EndGlobalSection
EndGlobal
